
Microsoft Visual Studio Solution File, Format Version 12.00
# Visual Studio Version 16
VisualStudioVersion = 16.0.30717.126
MinimumVisualStudioVersion = 10.0.40219.1
Project("{FAE04EC0-301F-11D3-BF4B-00C04F79EFBC}") = "TextAnalizer", "TextAnalizer\TextAnalizer.csproj", "{24106930-72DF-48D2-BED2-035E5BB68708}"
EndProject
Global
	GlobalSection(SolutionConfigurationPlatforms) = preSolution
		Debug|Any CPU = Debug|Any CPU
		Release|Any CPU = Release|Any CPU
	EndGlobalSection
	GlobalSection(ProjectConfigurationPlatforms) = postSolution
		{24106930-72DF-48D2-BED2-035E5BB68708}.Debug|Any CPU.ActiveCfg = Debug|Any CPU
		{24106930-72DF-48D2-BED2-035E5BB68708}.Debug|Any CPU.Build.0 = Debug|Any CPU
		{24106930-72DF-48D2-BED2-035E5BB68708}.Release|Any CPU.ActiveCfg = Release|Any CPU
		{24106930-72DF-48D2-BED2-035E5BB68708}.Release|Any CPU.Build.0 = Release|Any CPU
	EndGlobalSection
	GlobalSection(SolutionProperties) = preSolution
		HideSolutionNode = FALSE
	EndGlobalSection
	GlobalSection(ExtensibilityGlobals) = postSolution
		SolutionGuid = {E6CC701F-8D57-41AE-BCF3-A539AE236EC1}
	EndGlobalSection
EndGlobal
